schema: '2.0'
stages:
  training:
    cmd: python src/Pipeline/training_pipeline.py
    deps:
    - path: src/components/Data_Transformation.py
      hash: md5
      md5: 4cac162e5f4fcd9d83b643eaede8c2e4
      size: 4683
    - path: src/components/Data_ingestion.py
      hash: md5
      md5: cd847210818bba396d45d22fedc25f90
      size: 1761
    - path: src/components/Model_evaluation.py
      hash: md5
      md5: 3baf1f53ea42eb986ac17533e1a62e4e
      size: 3012
    - path: src/components/Model_trainer.py
      hash: md5
      md5: 0b987d6a8ced7af24339212d07592258
      size: 5161
    outs:
    - path: artifacts/best_clustering_model.pkl
      hash: md5
      md5: 6c9fc0ec8afd2a05f95d79425e9d0196
      size: 206484
    - path: artifacts/numeric_preprocessor.pkl
      hash: md5
      md5: 8c90c6f9a644bb682bc2ede9a2748d27
      size: 1203
    - path: artifacts/raw_data.csv
      hash: md5
      md5: e2f895350a66b5a220aea3d2cdc77374
      size: 1689322
